
Microsoft Visual Studio Solution File, Format Version 12.00
# Visual Studio Version 16
VisualStudioVersion = 16.0.32510.428
MinimumVisualStudioVersion = 10.0.40219.1
Project("{FAE04EC0-301F-11D3-BF4B-00C04F79EFBC}") = "Banco", "Banco\Banco.csproj", "{7A90E379-524C-4940-A568-3734553FAC8C}"
EndProject
Global
	GlobalSection(SolutionConfigurationPlatforms) = preSolution
		Debug|Any CPU = Debug|Any CPU
		Release|Any CPU = Release|Any CPU
	EndGlobalSection
	GlobalSection(ProjectConfigurationPlatforms) = postSolution
		{7A90E379-524C-4940-A568-3734553FAC8C}.Debug|Any CPU.ActiveCfg = Debug|Any CPU
		{7A90E379-524C-4940-A568-3734553FAC8C}.Debug|Any CPU.Build.0 = Debug|Any CPU
		{7A90E379-524C-4940-A568-3734553FAC8C}.Release|Any CPU.ActiveCfg = Release|Any CPU
		{7A90E379-524C-4940-A568-3734553FAC8C}.Release|Any CPU.Build.0 = Release|Any CPU
	EndGlobalSection
	GlobalSection(SolutionProperties) = preSolution
		HideSolutionNode = FALSE
	EndGlobalSection
	GlobalSection(ExtensibilityGlobals) = postSolution
		SolutionGuid = {4C6D91AE-63AB-42EF-973D-95C859BA3CF1}
	EndGlobalSection
EndGlobal
