
Microsoft Visual Studio Solution File, Format Version 12.00
# Visual Studio Version 16
VisualStudioVersion = 16.0.32510.428
MinimumVisualStudioVersion = 10.0.40219.1
Project("{FAE04EC0-301F-11D3-BF4B-00C04F79EFBC}") = "AreaPerimetroDiagonal", "AreaPerimetroDiagonal\AreaPerimetroDiagonal.csproj", "{229EE9AD-C6A0-407F-BE0A-3C38CC57747C}"
EndProject
Global
	GlobalSection(SolutionConfigurationPlatforms) = preSolution
		Debug|Any CPU = Debug|Any CPU
		Release|Any CPU = Release|Any CPU
	EndGlobalSection
	GlobalSection(ProjectConfigurationPlatforms) = postSolution
		{229EE9AD-C6A0-407F-BE0A-3C38CC57747C}.Debug|Any CPU.ActiveCfg = Debug|Any CPU
		{229EE9AD-C6A0-407F-BE0A-3C38CC57747C}.Debug|Any CPU.Build.0 = Debug|Any CPU
		{229EE9AD-C6A0-407F-BE0A-3C38CC57747C}.Release|Any CPU.ActiveCfg = Release|Any CPU
		{229EE9AD-C6A0-407F-BE0A-3C38CC57747C}.Release|Any CPU.Build.0 = Release|Any CPU
	EndGlobalSection
	GlobalSection(SolutionProperties) = preSolution
		HideSolutionNode = FALSE
	EndGlobalSection
	GlobalSection(ExtensibilityGlobals) = postSolution
		SolutionGuid = {2A9AD816-EE85-4A53-B5BD-2291A372688C}
	EndGlobalSection
EndGlobal
