
Microsoft Visual Studio Solution File, Format Version 12.00
# Visual Studio Version 16
VisualStudioVersion = 16.0.32510.428
MinimumVisualStudioVersion = 10.0.40219.1
Project("{FAE04EC0-301F-11D3-BF4B-00C04F79EFBC}") = "QuemEMaisVelho", "QuemEMaisVelho\QuemEMaisVelho.csproj", "{3BAFE3EB-238F-4D24-92CF-00896F92493C}"
EndProject
Global
	GlobalSection(SolutionConfigurationPlatforms) = preSolution
		Debug|Any CPU = Debug|Any CPU
		Release|Any CPU = Release|Any CPU
	EndGlobalSection
	GlobalSection(ProjectConfigurationPlatforms) = postSolution
		{3BAFE3EB-238F-4D24-92CF-00896F92493C}.Debug|Any CPU.ActiveCfg = Debug|Any CPU
		{3BAFE3EB-238F-4D24-92CF-00896F92493C}.Debug|Any CPU.Build.0 = Debug|Any CPU
		{3BAFE3EB-238F-4D24-92CF-00896F92493C}.Release|Any CPU.ActiveCfg = Release|Any CPU
		{3BAFE3EB-238F-4D24-92CF-00896F92493C}.Release|Any CPU.Build.0 = Release|Any CPU
	EndGlobalSection
	GlobalSection(SolutionProperties) = preSolution
		HideSolutionNode = FALSE
	EndGlobalSection
	GlobalSection(ExtensibilityGlobals) = postSolution
		SolutionGuid = {6EA332B6-4C52-45F1-8357-7A15AD6A528A}
	EndGlobalSection
EndGlobal
