
Microsoft Visual Studio Solution File, Format Version 12.00
# Visual Studio Version 16
VisualStudioVersion = 16.0.32510.428
MinimumVisualStudioVersion = 10.0.40219.1
Project("{FAE04EC0-301F-11D3-BF4B-00C04F79EFBC}") = "RaizQuadrada", "RaizQuadrada\RaizQuadrada.csproj", "{19E89F5C-A36D-4DFD-918C-61D616D13AA8}"
EndProject
Global
	GlobalSection(SolutionConfigurationPlatforms) = preSolution
		Debug|Any CPU = Debug|Any CPU
		Release|Any CPU = Release|Any CPU
	EndGlobalSection
	GlobalSection(ProjectConfigurationPlatforms) = postSolution
		{19E89F5C-A36D-4DFD-918C-61D616D13AA8}.Debug|Any CPU.ActiveCfg = Debug|Any CPU
		{19E89F5C-A36D-4DFD-918C-61D616D13AA8}.Debug|Any CPU.Build.0 = Debug|Any CPU
		{19E89F5C-A36D-4DFD-918C-61D616D13AA8}.Release|Any CPU.ActiveCfg = Release|Any CPU
		{19E89F5C-A36D-4DFD-918C-61D616D13AA8}.Release|Any CPU.Build.0 = Release|Any CPU
	EndGlobalSection
	GlobalSection(SolutionProperties) = preSolution
		HideSolutionNode = FALSE
	EndGlobalSection
	GlobalSection(ExtensibilityGlobals) = postSolution
		SolutionGuid = {9BFAD35D-F5D5-4E9E-AEE8-CE4A57D3AA43}
	EndGlobalSection
EndGlobal
