
Microsoft Visual Studio Solution File, Format Version 12.00
# Visual Studio Version 16
VisualStudioVersion = 16.0.32510.428
MinimumVisualStudioVersion = 10.0.40219.1
Project("{FAE04EC0-301F-11D3-BF4B-00C04F79EFBC}") = "CompraDeDolares", "CompraDeDolares\CompraDeDolares.csproj", "{68E6BA8A-6927-4498-9392-76194A603720}"
EndProject
Global
	GlobalSection(SolutionConfigurationPlatforms) = preSolution
		Debug|Any CPU = Debug|Any CPU
		Release|Any CPU = Release|Any CPU
	EndGlobalSection
	GlobalSection(ProjectConfigurationPlatforms) = postSolution
		{68E6BA8A-6927-4498-9392-76194A603720}.Debug|Any CPU.ActiveCfg = Debug|Any CPU
		{68E6BA8A-6927-4498-9392-76194A603720}.Debug|Any CPU.Build.0 = Debug|Any CPU
		{68E6BA8A-6927-4498-9392-76194A603720}.Release|Any CPU.ActiveCfg = Release|Any CPU
		{68E6BA8A-6927-4498-9392-76194A603720}.Release|Any CPU.Build.0 = Release|Any CPU
	EndGlobalSection
	GlobalSection(SolutionProperties) = preSolution
		HideSolutionNode = FALSE
	EndGlobalSection
	GlobalSection(ExtensibilityGlobals) = postSolution
		SolutionGuid = {818E32A2-516A-40D9-ABA8-2E74B58A33E7}
	EndGlobalSection
EndGlobal
