
Microsoft Visual Studio Solution File, Format Version 12.00
# Visual Studio Version 16
VisualStudioVersion = 16.0.32510.428
MinimumVisualStudioVersion = 10.0.40219.1
Project("{FAE04EC0-301F-11D3-BF4B-00C04F79EFBC}") = "IntervaloDeNumeros", "IntervaloDeNumeros\IntervaloDeNumeros.csproj", "{43360947-5741-40D9-A6F3-2909AB559858}"
EndProject
Global
	GlobalSection(SolutionConfigurationPlatforms) = preSolution
		Debug|Any CPU = Debug|Any CPU
		Release|Any CPU = Release|Any CPU
	EndGlobalSection
	GlobalSection(ProjectConfigurationPlatforms) = postSolution
		{43360947-5741-40D9-A6F3-2909AB559858}.Debug|Any CPU.ActiveCfg = Debug|Any CPU
		{43360947-5741-40D9-A6F3-2909AB559858}.Debug|Any CPU.Build.0 = Debug|Any CPU
		{43360947-5741-40D9-A6F3-2909AB559858}.Release|Any CPU.ActiveCfg = Release|Any CPU
		{43360947-5741-40D9-A6F3-2909AB559858}.Release|Any CPU.Build.0 = Release|Any CPU
	EndGlobalSection
	GlobalSection(SolutionProperties) = preSolution
		HideSolutionNode = FALSE
	EndGlobalSection
	GlobalSection(ExtensibilityGlobals) = postSolution
		SolutionGuid = {E40D808E-BA8F-4202-913A-32DFC2BB54B7}
	EndGlobalSection
EndGlobal
